[[package]]
name = "absl-py"
version = "0.13.0"
description = "Abseil Python Common Libraries, see https://github.com/abseil/abseil-py."
category = "main"
optional = false
python-versions = "*"

[package.dependencies]
six = "*"

[[package]]
name = "astor"
version = "0.8.1"
description = "Read/rewrite/write Python ASTs"
category = "main"
optional = false
python-versions = "!=3.0.*,!=3.1.*,!=3.2.*,!=3.3.*,>=2.7"

[[package]]
name = "backports.weakref"
version = "1.0.post1"
description = "Backport of new features in Python's weakref module"
category = "main"
optional = false
python-versions = "*"

[[package]]
name = "bleach"
version = "1.5.0"
description = "An easy whitelist-based HTML-sanitizing tool."
category = "main"
optional = false
python-versions = "*"

[package.dependencies]
html5lib = ">=0.999,<0.9999 || >0.9999,<0.99999 || >0.99999,<0.99999999"
six = "*"

[[package]]
name = "dataclasses"
version = "0.8"
description = "A backport of the dataclasses module for Python 3.6"
category = "main"
optional = false
python-versions = ">=3.6, <3.7"

[[package]]
name = "enum34"
version = "1.1.10"
description = "Python 3.4 Enum backported to 3.3, 3.2, 3.1, 2.7, 2.6, 2.5, and 2.4"
category = "main"
optional = false
python-versions = "*"

[[package]]
name = "gast"
version = "0.5.0"
description = "Python AST that abstracts the underlying Python version"
category = "main"
optional = false
python-versions = ">=2.7, !=3.0.*, !=3.1.*, !=3.2.*, !=3.3.*"

[[package]]
name = "grpcio"
version = "1.38.1"
description = "HTTP/2-based RPC framework"
category = "main"
optional = false
python-versions = "*"

[package.dependencies]
six = ">=1.5.2"

[package.extras]
protobuf = ["grpcio-tools (>=1.38.1)"]

[[package]]
name = "html5lib"
version = "0.9999999"
description = "HTML parser based on the WHATWG HTML specification"
category = "main"
optional = false
python-versions = "*"

[package.dependencies]
six = "*"

[[package]]
name = "importlib-metadata"
version = "4.6.0"
description = "Read metadata from Python packages"
category = "main"
optional = false
python-versions = ">=3.6"

[package.dependencies]
typing-extensions = {version = ">=3.6.4", markers = "python_version < \"3.8\""}
zipp = ">=0.5"

[package.extras]
docs = ["sphinx", "jaraco.packaging (>=8.2)", "rst.linker (>=1.9)"]
perf = ["ipython"]
testing = ["pytest (>=4.6)", "pytest-checkdocs (>=2.4)", "pytest-flake8", "pytest-cov", "pytest-enabler (>=1.0.1)", "packaging", "pep517", "pyfakefs", "flufl.flake8", "pytest-perf (>=0.9.2)", "pytest-black (>=0.3.7)", "pytest-mypy", "importlib-resources (>=1.3)"]

[[package]]
name = "joblib"
version = "1.0.1"
description = "Lightweight pipelining with Python functions"
category = "main"
optional = false
python-versions = ">=3.6"

[[package]]
name = "markdown"
version = "3.3.4"
description = "Python implementation of Markdown."
category = "main"
optional = false
python-versions = ">=3.6"

[package.dependencies]
importlib-metadata = {version = "*", markers = "python_version < \"3.8\""}

[package.extras]
testing = ["coverage", "pyyaml"]

[[package]]
name = "mock"
version = "4.0.3"
description = "Rolling backport of unittest.mock for all Pythons"
category = "main"
optional = false
python-versions = ">=3.6"

[package.extras]
build = ["twine", "wheel", "blurb"]
docs = ["sphinx"]
test = ["pytest (<5.4)", "pytest-cov"]

[[package]]
name = "numpy"
version = "1.19.5"
description = "NumPy is the fundamental package for array computing with Python."
category = "main"
optional = false
python-versions = ">=3.6"

[[package]]
name = "opencv-python"
version = "4.5.2.54"
description = "Wrapper package for OpenCV python bindings."
category = "main"
optional = false
python-versions = ">=3.6"

[package.dependencies]
numpy = ">=1.13.3"

[[package]]
name = "pillow"
version = "8.3.0"
description = "Python Imaging Library (Fork)"
category = "main"
optional = false
python-versions = ">=3.6"

[[package]]
name = "protobuf"
version = "3.17.3"
description = "Protocol Buffers"
category = "main"
optional = false
python-versions = "*"

[package.dependencies]
six = ">=1.9"

[[package]]
name = "scikit-learn"
version = "0.24.2"
description = "A set of python modules for machine learning and data mining"
category = "main"
optional = false
python-versions = ">=3.6"

[package.dependencies]
joblib = ">=0.11"
numpy = ">=1.13.3"
scipy = ">=0.19.1"
threadpoolctl = ">=2.0.0"

[package.extras]
benchmark = ["matplotlib (>=2.1.1)", "pandas (>=0.25.0)", "memory-profiler (>=0.57.0)"]
docs = ["matplotlib (>=2.1.1)", "scikit-image (>=0.13)", "pandas (>=0.25.0)", "seaborn (>=0.9.0)", "memory-profiler (>=0.57.0)", "sphinx (>=3.2.0)", "sphinx-gallery (>=0.7.0)", "numpydoc (>=1.0.0)", "Pillow (>=7.1.2)", "sphinx-prompt (>=1.3.0)"]
examples = ["matplotlib (>=2.1.1)", "scikit-image (>=0.13)", "pandas (>=0.25.0)", "seaborn (>=0.9.0)"]
tests = ["matplotlib (>=2.1.1)", "scikit-image (>=0.13)", "pandas (>=0.25.0)", "pytest (>=5.0.1)", "pytest-cov (>=2.9.0)", "flake8 (>=3.8.2)", "mypy (>=0.770)", "pyamg (>=4.0.0)"]

[[package]]
name = "scipy"
version = "1.2.1"
description = "SciPy: Scientific Library for Python"
category = "main"
optional = false
python-versions = ">=2.7,!=3.0.*,!=3.1.*,!=3.2.*,!=3.3.*"

[package.dependencies]
numpy = ">=1.8.2"

[[package]]
name = "six"
version = "1.16.0"
description = "Python 2 and 3 compatibility utilities"
category = "main"
optional = false
python-versions = ">=2.7, !=3.0.*, !=3.1.*, !=3.2.*"

[[package]]
name = "sklearn"
version = "0.0"
description = "A set of python modules for machine learning and data mining"
category = "main"
optional = false
python-versions = "*"

[package.dependencies]
scikit-learn = "*"

[[package]]
name = "tensorboard"
version = "1.7.0"
description = "TensorBoard lets you watch Tensors Flow"
category = "main"
optional = false
python-versions = ">= 2.7, != 3.0.*, != 3.1.*"

[package.dependencies]
bleach = "1.5.0"
html5lib = "0.9999999"
markdown = ">=2.6.8"
numpy = ">=1.12.0"
protobuf = ">=3.4.0"
six = ">=1.10.0"
werkzeug = ">=0.11.10"

[[package]]
name = "tensorflow"
version = "1.7.0"
description = "TensorFlow helps the tensors flow"
category = "main"
optional = false
python-versions = "*"

[package.dependencies]
absl-py = ">=0.1.6"
astor = ">=0.6.0"
"backports.weakref" = ">=1.0rc1"
enum34 = ">=1.1.6"
gast = ">=0.2.0"
grpcio = ">=1.8.6"
mock = ">=2.0.0"
numpy = ">=1.13.3"
protobuf = ">=3.4.0"
six = ">=1.10.0"
tensorboard = ">=1.7.0,<1.8.0"
termcolor = ">=1.1.0"

[[package]]
name = "termcolor"
version = "1.1.0"
description = "ANSII Color formatting for output in terminal."
category = "main"
optional = false
python-versions = "*"

[[package]]
name = "threadpoolctl"
version = "2.1.0"
description = "threadpoolctl"
category = "main"
optional = false
python-versions = ">=3.5"

[[package]]
name = "typing-extensions"
version = "3.10.0.0"
description = "Backported and Experimental Type Hints for Python 3.5+"
category = "main"
optional = false
python-versions = "*"

[[package]]
name = "werkzeug"
version = "2.0.1"
description = "The comprehensive WSGI web application library."
category = "main"
optional = false
python-versions = ">=3.6"

[package.dependencies]
dataclasses = {version = "*", markers = "python_version < \"3.7\""}

[package.extras]
watchdog = ["watchdog"]

[[package]]
name = "zipp"
version = "3.5.0"
description = "Backport of pathlib-compatible object wrapper for zip files"
category = "main"
optional = false
python-versions = ">=3.6"

[package.extras]
docs = ["sphinx", "jaraco.packaging (>=8.2)", "rst.linker (>=1.9)"]
testing = ["pytest (>=4.6)", "pytest-checkdocs (>=2.4)", "pytest-flake8", "pytest-cov", "pytest-enabler (>=1.0.1)", "jaraco.itertools", "func-timeout", "pytest-black (>=0.3.7)", "pytest-mypy"]

[metadata]
lock-version = "1.1"
python-versions = "^3.6"
content-hash = "14b6e9e0f36ea287a5e8d4b53616503e5817c122786cda0968546ef2301289c8"

[metadata.files]
absl-py = [
    {file = "absl-py-0.13.0.tar.gz", hash = "sha256:6953272383486044699fd0e9f00aad167a27e08ce19aae66c6c4b10e7e767793"},
    {file = "absl_py-0.13.0-py3-none-any.whl", hash = "sha256:62bd4e248ddb19d81aec8f9446b407ff37c8175c2ba88266a7afa9b4ce4a333b"},
]
astor = [
    {file = "astor-0.8.1-py2.py3-none-any.whl", hash = "sha256:070a54e890cefb5b3739d19f30f5a5ec840ffc9c50ffa7d23cc9fc1a38ebbfc5"},
    {file = "astor-0.8.1.tar.gz", hash = "sha256:6a6effda93f4e1ce9f618779b2dd1d9d84f1e32812c23a29b3fff6fd7f63fa5e"},
]
"backports.weakref" = [
    {file = "backports.weakref-1.0.post1-py2.py3-none-any.whl", hash = "sha256:81bc9b51c0abc58edc76aefbbc68c62a787918ffe943a37947e162c3f8e19e82"},
    {file = "backports.weakref-1.0.post1.tar.gz", hash = "sha256:bc4170a29915f8b22c9e7c4939701859650f2eb84184aee80da329ac0b9825c2"},
]
bleach = [
    {file = "bleach-1.5.0-py2.py3-none-any.whl", hash = "sha256:e67f46adcec78dbc3c04462f3aba3213a673d5652eba2609ed1ef15492a44b8d"},
    {file = "bleach-1.5.0.tar.gz", hash = "sha256:978e758599b54cd3caa2e160d74102879b230ea8dc93871d0783721eef58bc65"},
]
dataclasses = [
    {file = "dataclasses-0.8-py3-none-any.whl", hash = "sha256:0201d89fa866f68c8ebd9d08ee6ff50c0b255f8ec63a71c16fda7af82bb887bf"},
    {file = "dataclasses-0.8.tar.gz", hash = "sha256:8479067f342acf957dc82ec415d355ab5edb7e7646b90dc6e2fd1d96ad084c97"},
]
enum34 = [
    {file = "enum34-1.1.10-py2-none-any.whl", hash = "sha256:a98a201d6de3f2ab3db284e70a33b0f896fbf35f8086594e8c9e74b909058d53"},
    {file = "enum34-1.1.10-py3-none-any.whl", hash = "sha256:c3858660960c984d6ab0ebad691265180da2b43f07e061c0f8dca9ef3cffd328"},
    {file = "enum34-1.1.10.tar.gz", hash = "sha256:cce6a7477ed816bd2542d03d53db9f0db935dd013b70f336a95c73979289f248"},
]
gast = [
    {file = "gast-0.5.0-py3-none-any.whl", hash = "sha256:95a9b9a83004e7f18a8ae326bfbb6bf9a70ae045174148e34d041810d811d4e5"},
    {file = "gast-0.5.0.tar.gz", hash = "sha256:8109cbe7aa0f7bf7e4348379da05b8137ea1f059f073332c3c1cedd57db8541f"},
]
grpcio = [
    {file = "grpcio-1.38.1-cp27-cp27m-macosx_10_10_x86_64.whl", hash = "sha256:118479436bda25b369e2dc1cd0921790fbfaea1ec663e4ee7095c4c325694495"},
    {file = "grpcio-1.38.1-cp27-cp27m-manylinux2010_i686.whl", hash = "sha256:7adfbd4e22647f880c9ed86b2be7f6d7a7dbbb8adc09395808cc7a4d021bc328"},
    {file = "grpcio-1.38.1-cp27-cp27m-manylinux2010_x86_64.whl", hash = "sha256:87b4b1977b52d5e0873a5e396340d2443640ba760f4fa23e93a38997ecfbcd5b"},
    {file = "grpcio-1.38.1-cp27-cp27m-win32.whl", hash = "sha256:3a25e1a46f51c80d06b66223f61938b9ffda37f2824ca65749c49b758137fac2"},
    {file = "grpcio-1.38.1-cp27-cp27m-win_amd64.whl", hash = "sha256:b5ea9902fc2990af993b74862282b49ae0b8de8a64ca3b4a8dda26a3163c3bb4"},
    {file = "grpcio-1.38.1-cp27-cp27mu-manylinux2010_i686.whl", hash = "sha256:8ccde1df51eeaddf5515edc41bde2ea43a834a288914eae9ce4287399be108f5"},
    {file = "grpcio-1.38.1-cp27-cp27mu-manylinux2010_x86_64.whl", hash = "sha256:0e193feaf4ebc72f6af57d7b8a08c0b8e43ebbd76f81c6f1e55d013557602dfd"},
    {file = "grpcio-1.38.1-cp35-cp35m-macosx_10_10_intel.whl", hash = "sha256:b16e1967709392a0ec4b10b4374a72eb062c47c168a189606c9a7ea7b36593a8"},
    {file = "grpcio-1.38.1-cp35-cp35m-manylinux2010_i686.whl", hash = "sha256:4bc60f8372c3ab06f41279163c5d558bf95195bb3f68e35ed19f95d4fbd53d71"},
    {file = "grpcio-1.38.1-cp35-cp35m-manylinux2010_x86_64.whl", hash = "sha256:a433d3740a9ef7bc34a18e2b12bf72b25e618facdfd09871167b30fd8e955fed"},
    {file = "grpcio-1.38.1-cp35-cp35m-manylinux2014_i686.whl", hash = "sha256:d49f250c3ffbe83ba2d03e3500e03505576a985f7c5f77172a9531058347aa68"},
    {file = "grpcio-1.38.1-cp35-cp35m-manylinux2014_x86_64.whl", hash = "sha256:6e137d014cf4162e5a796777012452516d92547717c1b4914fb71ce4e41817b5"},
    {file = "grpcio-1.38.1-cp35-cp35m-win32.whl", hash = "sha256:5ff4802d9b3704e680454289587e1cc146bb0d953cf3c9296e2d96441a6a8e88"},
    {file = "grpcio-1.38.1-cp35-cp35m-win_amd64.whl", hash = "sha256:4c19578b35715e110c324b27c18ab54a56fccc4c41b8f651b1d1da5a64e0d605"},
    {file = "grpcio-1.38.1-cp36-cp36m-linux_armv7l.whl", hash = "sha256:6edf68d4305e08f6f8c45bfaa9dc04d527ab5a1562aaf0c452fa921fbe90eb23"},
    {file = "grpcio-1.38.1-cp36-cp36m-macosx_10_10_x86_64.whl", hash = "sha256:ddd33c90b0c95eca737c9f6db7e969a48d23aed72cecb23f3b8aac009ca2cfb4"},
    {file = "grpcio-1.38.1-cp36-cp36m-manylinux2010_i686.whl", hash = "sha256:c83481501533824fe341c17d297bbec1ec584ec46b352f98ce12bf16740615c4"},
    {file = "grpcio-1.38.1-cp36-cp36m-manylinux2010_x86_64.whl", hash = "sha256:3e85bba6f0e0c454a90b8fea16b59db9c6d19ddf9cc95052b2d4ca77b22d46d6"},
    {file = "grpcio-1.38.1-cp36-cp36m-manylinux2014_i686.whl", hash = "sha256:dcfcb147c18272a22a592251a49830b3c7abc82385ffff34916c2534175d885e"},
    {file = "grpcio-1.38.1-cp36-cp36m-manylinux2014_x86_64.whl", hash = "sha256:419af4f577a3d5d9f386aeacf4c4992f90016f84cbceb11ecd832101b1f7f9c9"},
    {file = "grpcio-1.38.1-cp36-cp36m-manylinux_2_24_aarch64.whl", hash = "sha256:cd7ddb5b6ffcbd3691990df20f260a888c8bd770d57480a97da1b756fb1be5c0"},
    {file = "grpcio-1.38.1-cp36-cp36m-win32.whl", hash = "sha256:d4179d96b0ce27602756185c1a00d088c9c1feb0cc17a36f8a66eec6ddddbc0c"},
    {file = "grpcio-1.38.1-cp36-cp36m-win_amd64.whl", hash = "sha256:96d78d9edf3070770cefd1822bc220d8cccad049b818a70a3c630052e9f15490"},
    {file = "grpcio-1.38.1-cp37-cp37m-linux_armv7l.whl", hash = "sha256:8ab27a6626c2038e13c1b250c5cd22da578f182364134620ec298b4ccfc85722"},
    {file = "grpcio-1.38.1-cp37-cp37m-macosx_10_10_x86_64.whl", hash = "sha256:532ab738351aad2cdad80f4355123652e08b207281f3923ce51fb2b58692dd4c"},
    {file = "grpcio-1.38.1-cp37-cp37m-manylinux2010_i686.whl", hash = "sha256:e4a8a371ad02bf31576bcd99093cea3849e19ca1e9eb63fc0b2c0f1db1132f7d"},
    {file = "grpcio-1.38.1-cp37-cp37m-manylinux2010_x86_64.whl", hash = "sha256:89af675d38bf490384dae85151768b8434e997cece98e5d1eb6fcb3c16d6af12"},
    {file = "grpcio-1.38.1-cp37-cp37m-manylinux2014_i686.whl", hash = "sha256:ff9ebc416e815161d89d2fd22d1a91acf3b810ef800dae38c402d19d203590bf"},
    {file = "grpcio-1.38.1-cp37-cp37m-manylinux2014_x86_64.whl", hash = "sha256:3db0680fee9e55022677abda186e73e3c019c59ed83e1550519250dc97cf6793"},
    {file = "grpcio-1.38.1-cp37-cp37m-manylinux_2_24_aarch64.whl", hash = "sha256:a77d1f47e5e82504c531bc9dd22c093ff093b6706ec8bcdad228464ef3a5dd54"},
    {file = "grpcio-1.38.1-cp37-cp37m-win32.whl", hash = "sha256:549beb5646137b78534a312a3b80b2b8b1ea01058b38a711d42d6b54b20b6c2b"},
    {file = "grpcio-1.38.1-cp37-cp37m-win_amd64.whl", hash = "sha256:3eb960c2f9e031f0643b53bab67733a9544d82f42d0714338183d14993d2a23c"},
    {file = "grpcio-1.38.1-cp38-cp38-linux_armv7l.whl", hash = "sha256:e90cda2ccd4bdb89a3cd5dc11771c3b8394817d5caaa1ae36042bc96a428c10e"},
    {file = "grpcio-1.38.1-cp38-cp38-macosx_10_10_x86_64.whl", hash = "sha256:26af85ae0a7ff8e8f8f550255bf85551df86a89883c11721c0756b71bc1019be"},
    {file = "grpcio-1.38.1-cp38-cp38-manylinux2010_i686.whl", hash = "sha256:947bdba3ebcd93a7cef537d6405bc5667d1caf818fa8bbd2e2cc952ec8f97e09"},
    {file = "grpcio-1.38.1-cp38-cp38-manylinux2010_x86_64.whl", hash = "sha256:6d898441ada374f76e0b5354d7e240e1c0e905a1ebcb1e95d9ffd99c88f63700"},
    {file = "grpcio-1.38.1-cp38-cp38-manylinux2014_i686.whl", hash = "sha256:59f5fb4ba219a11fdc1c23e17c93ca3090480a8cde4370c980908546ffc091e6"},
    {file = "grpcio-1.38.1-cp38-cp38-manylinux2014_x86_64.whl", hash = "sha256:cddd61bff66e42ef334f8cb9e719951e479b5ad2cb75c00338aac8de28e17484"},
    {file = "grpcio-1.38.1-cp38-cp38-manylinux_2_24_aarch64.whl", hash = "sha256:c323265a4f18f586e8de84fda12b48eb3bd48395294aa2b8c05307ac1680299d"},
    {file = "grpcio-1.38.1-cp38-cp38-win32.whl", hash = "sha256:72e8358c751da9ab4f8653a3b67b2a3bb7e330ee57cb26439c6af358d6eac032"},
    {file = "grpcio-1.38.1-cp38-cp38-win_amd64.whl", hash = "sha256:278e131bfbc57bab112359b98930b0fdbf81aa0ba2cdfc6555c7a5119d7e2117"},
    {file = "grpcio-1.38.1-cp39-cp39-linux_armv7l.whl", hash = "sha256:44efa41ac36f6bcbf4f64d6479b3031cceea28cf6892a77f15bd1c22611bff9d"},
    {file = "grpcio-1.38.1-cp39-cp39-macosx_10_10_x86_64.whl", hash = "sha256:cf6c3bfa403e055380fe90844beb4fe8e9448edab5d2bf40d37d208dbb2f768c"},
    {file = "grpcio-1.38.1-cp39-cp39-manylinux2010_i686.whl", hash = "sha256:5efa68fc3fe0c439e2858215f2224bfb7242c35079538d58063f68a0d5d5ec33"},
    {file = "grpcio-1.38.1-cp39-cp39-manylinux2010_x86_64.whl", hash = "sha256:2a179b2565fa85a134933acc7845f9d4c12e742c802b4f50bf2fd208bf8b741e"},
    {file = "grpcio-1.38.1-cp39-cp39-manylinux2014_i686.whl", hash = "sha256:b1624123710fa701988a8a43994de78416e5010ac1508f64ed41e2577358604a"},
    {file = "grpcio-1.38.1-cp39-cp39-manylinux2014_x86_64.whl", hash = "sha256:6a225440015db88ec4625a2a41c21582a50cce7ffbe38dcbbb416c7180352516"},
    {file = "grpcio-1.38.1-cp39-cp39-manylinux_2_24_aarch64.whl", hash = "sha256:e891b0936aab73550d673dd3bbf89fa9577b3db1a61baecea480afd36fdb1852"},
    {file = "grpcio-1.38.1-cp39-cp39-win32.whl", hash = "sha256:889518ce7c2a0609a3cffb7b667669a39b3410e869ff38e087bf7eeadad62e5d"},
    {file = "grpcio-1.38.1-cp39-cp39-win_amd64.whl", hash = "sha256:77054f24d46498d9696c809da7810b67bccf6153f9848ea48331708841926d82"},
    {file = "grpcio-1.38.1.tar.gz", hash = "sha256:1f79d8a24261e3c12ec3a6c25945ff799ae09874fd24815bc17c2dc37715ef6c"},
]
html5lib = [
    {file = "html5lib-0.9999999.tar.gz", hash = "sha256:2612a191a8d5842bfa057e41ba50bbb9dcb722419d2408c78cff4758d0754868"},
]
importlib-metadata = [
    {file = "importlib_metadata-4.6.0-py3-none-any.whl", hash = "sha256:c6513572926a96458f8c8f725bf0e00108fba0c9583ade9bd15b869c9d726e33"},
    {file = "importlib_metadata-4.6.0.tar.gz", hash = "sha256:4a5611fea3768d3d967c447ab4e93f567d95db92225b43b7b238dbfb855d70bb"},
]
joblib = [
    {file = "joblib-1.0.1-py3-none-any.whl", hash = "sha256:feeb1ec69c4d45129954f1b7034954241eedfd6ba39b5e9e4b6883be3332d5e5"},
    {file = "joblib-1.0.1.tar.gz", hash = "sha256:9c17567692206d2f3fb9ecf5e991084254fe631665c450b443761c4186a613f7"},
]
markdown = [
    {file = "Markdown-3.3.4-py3-none-any.whl", hash = "sha256:96c3ba1261de2f7547b46a00ea8463832c921d3f9d6aba3f255a6f71386db20c"},
    {file = "Markdown-3.3.4.tar.gz", hash = "sha256:31b5b491868dcc87d6c24b7e3d19a0d730d59d3e46f4eea6430a321bed387a49"},
]
mock = [
    {file = "mock-4.0.3-py3-none-any.whl", hash = "sha256:122fcb64ee37cfad5b3f48d7a7d51875d7031aaf3d8be7c42e2bee25044eee62"},
    {file = "mock-4.0.3.tar.gz", hash = "sha256:7d3fbbde18228f4ff2f1f119a45cdffa458b4c0dee32eb4d2bb2f82554bac7bc"},
]
numpy = [
    {file = "numpy-1.19.5-cp36-cp36m-macosx_10_9_x86_64.whl", hash = "sha256:cc6bd4fd593cb261332568485e20a0712883cf631f6f5e8e86a52caa8b2b50ff"},
    {file = "numpy-1.19.5-cp36-cp36m-manylinux1_i686.whl", hash = "sha256:aeb9ed923be74e659984e321f609b9ba54a48354bfd168d21a2b072ed1e833ea"},
    {file = "numpy-1.19.5-cp36-cp36m-manylinux1_x86_64.whl", hash = "sha256:8b5e972b43c8fc27d56550b4120fe6257fdc15f9301914380b27f74856299fea"},
    {file = "numpy-1.19.5-cp36-cp36m-manylinux2010_i686.whl", hash = "sha256:43d4c81d5ffdff6bae58d66a3cd7f54a7acd9a0e7b18d97abb255defc09e3140"},
    {file = "numpy-1.19.5-cp36-cp36m-manylinux2010_x86_64.whl", hash = "sha256:a4646724fba402aa7504cd48b4b50e783296b5e10a524c7a6da62e4a8ac9698d"},
    {file = "numpy-1.19.5-cp36-cp36m-manylinux2014_aarch64.whl", hash = "sha256:2e55195bc1c6b705bfd8ad6f288b38b11b1af32f3c8289d6c50d47f950c12e76"},
    {file = "numpy-1.19.5-cp36-cp36m-win32.whl", hash = "sha256:39b70c19ec771805081578cc936bbe95336798b7edf4732ed102e7a43ec5c07a"},
    {file = "numpy-1.19.5-cp36-cp36m-win_amd64.whl", hash = "sha256:dbd18bcf4889b720ba13a27ec2f2aac1981bd41203b3a3b27ba7a33f88ae4827"},
    {file = "numpy-1.19.5-cp37-cp37m-macosx_10_9_x86_64.whl", hash = "sha256:603aa0706be710eea8884af807b1b3bc9fb2e49b9f4da439e76000f3b3c6ff0f"},
    {file = "numpy-1.19.5-cp37-cp37m-manylinux1_i686.whl", hash = "sha256:cae865b1cae1ec2663d8ea56ef6ff185bad091a5e33ebbadd98de2cfa3fa668f"},
    {file = "numpy-1.19.5-cp37-cp37m-manylinux1_x86_64.whl", hash = "sha256:36674959eed6957e61f11c912f71e78857a8d0604171dfd9ce9ad5cbf41c511c"},
    {file = "numpy-1.19.5-cp37-cp37m-manylinux2010_i686.whl", hash = "sha256:06fab248a088e439402141ea04f0fffb203723148f6ee791e9c75b3e9e82f080"},
    {file = "numpy-1.19.5-cp37-cp37m-manylinux2010_x86_64.whl", hash = "sha256:6149a185cece5ee78d1d196938b2a8f9d09f5a5ebfbba66969302a778d5ddd1d"},
    {file = "numpy-1.19.5-cp37-cp37m-manylinux2014_aarch64.whl", hash = "sha256:50a4a0ad0111cc1b71fa32dedd05fa239f7fb5a43a40663269bb5dc7877cfd28"},
    {file = "numpy-1.19.5-cp37-cp37m-win32.whl", hash = "sha256:d051ec1c64b85ecc69531e1137bb9751c6830772ee5c1c426dbcfe98ef5788d7"},
    {file = "numpy-1.19.5-cp37-cp37m-win_amd64.whl", hash = "sha256:a12ff4c8ddfee61f90a1633a4c4afd3f7bcb32b11c52026c92a12e1325922d0d"},
    {file = "numpy-1.19.5-cp38-cp38-macosx_10_9_x86_64.whl", hash = "sha256:cf2402002d3d9f91c8b01e66fbb436a4ed01c6498fffed0e4c7566da1d40ee1e"},
    {file = "numpy-1.19.5-cp38-cp38-manylinux1_i686.whl", hash = "sha256:1ded4fce9cfaaf24e7a0ab51b7a87be9038ea1ace7f34b841fe3b6894c721d1c"},
    {file = "numpy-1.19.5-cp38-cp38-manylinux1_x86_64.whl", hash = "sha256:012426a41bc9ab63bb158635aecccc7610e3eff5d31d1eb43bc099debc979d94"},
    {file = "numpy-1.19.5-cp38-cp38-manylinux2010_i686.whl", hash = "sha256:759e4095edc3c1b3ac031f34d9459fa781777a93ccc633a472a5468587a190ff"},
    {file = "numpy-1.19.5-cp38-cp38-manylinux2010_x86_64.whl", hash = "sha256:a9d17f2be3b427fbb2bce61e596cf555d6f8a56c222bd2ca148baeeb5e5c783c"},
    {file = "numpy-1.19.5-cp38-cp38-manylinux2014_aarch64.whl", hash = "sha256:99abf4f353c3d1a0c7a5f27699482c987cf663b1eac20db59b8c7b061eabd7fc"},
    {file = "numpy-1.19.5-cp38-cp38-win32.whl", hash = "sha256:384ec0463d1c2671170901994aeb6dce126de0a95ccc3976c43b0038a37329c2"},
    {file = "numpy-1.19.5-cp38-cp38-win_amd64.whl", hash = "sha256:811daee36a58dc79cf3d8bdd4a490e4277d0e4b7d103a001a4e73ddb48e7e6aa"},
    {file = "numpy-1.19.5-cp39-cp39-macosx_10_9_x86_64.whl", hash = "sha256:c843b3f50d1ab7361ca4f0b3639bf691569493a56808a0b0c54a051d260b7dbd"},
    {file = "numpy-1.19.5-cp39-cp39-manylinux1_i686.whl", hash = "sha256:d6631f2e867676b13026e2846180e2c13c1e11289d67da08d71cacb2cd93d4aa"},
    {file = "numpy-1.19.5-cp39-cp39-manylinux1_x86_64.whl", hash = "sha256:7fb43004bce0ca31d8f13a6eb5e943fa73371381e53f7074ed21a4cb786c32f8"},
    {file = "numpy-1.19.5-cp39-cp39-manylinux2010_i686.whl", hash = "sha256:2ea52bd92ab9f768cc64a4c3ef8f4b2580a17af0a5436f6126b08efbd1838371"},
    {file = "numpy-1.19.5-cp39-cp39-manylinux2010_x86_64.whl", hash = "sha256:400580cbd3cff6ffa6293df2278c75aef2d58d8d93d3c5614cd67981dae68ceb"},
    {file = "numpy-1.19.5-cp39-cp39-manylinux2014_aarch64.whl", hash = "sha256:df609c82f18c5b9f6cb97271f03315ff0dbe481a2a02e56aeb1b1a985ce38e60"},
    {file = "numpy-1.19.5-cp39-cp39-win32.whl", hash = "sha256:ab83f24d5c52d60dbc8cd0528759532736b56db58adaa7b5f1f76ad551416a1e"},
    {file = "numpy-1.19.5-cp39-cp39-win_amd64.whl", hash = "sha256:0eef32ca3132a48e43f6a0f5a82cb508f22ce5a3d6f67a8329c81c8e226d3f6e"},
    {file = "numpy-1.19.5-pp36-pypy36_pp73-manylinux2010_x86_64.whl", hash = "sha256:a0d53e51a6cb6f0d9082decb7a4cb6dfb33055308c4c44f53103c073f649af73"},
    {file = "numpy-1.19.5.zip", hash = "sha256:a76f502430dd98d7546e1ea2250a7360c065a5fdea52b2dffe8ae7180909b6f4"},
]
opencv-python = [
    {file = "opencv_python-4.5.2.54-cp36-cp36m-macosx_10_15_x86_64.whl", hash = "sha256:4e6c2d8320168a4f76822fbb76df3b18688ac5e068d49ac38a4ce39af0f8e1a6"},
    {file = "opencv_python-4.5.2.54-cp36-cp36m-manylinux2014_aarch64.whl", hash = "sha256:9680ab256ab31bdafd74f6cf55eb570e5629b5604d50fd69dd1bd2a8124f0611"},
    {file = "opencv_python-4.5.2.54-cp36-cp36m-manylinux2014_x86_64.whl", hash = "sha256:ef3102b70aa59ab3fed69df30465c1b7587d681e963dfff5146de233c75df7ba"},
    {file = "opencv_python-4.5.2.54-cp36-cp36m-win32.whl", hash = "sha256:89a2b45429bf945988a17b0404431d9d8fdc9e04fb2450b56fa01f6f9477101d"},
    {file = "opencv_python-4.5.2.54-cp36-cp36m-win_amd64.whl", hash = "sha256:08327a38564786bf73e387736f080e8ad4c110b394ca4af2ecec8277b305bf44"},
    {file = "opencv_python-4.5.2.54-cp37-cp37m-macosx_10_15_x86_64.whl", hash = "sha256:6b2573c6367ec0052b37e375d18638a885dd7a10a5ef8dd726b391969c227f23"},
    {file = "opencv_python-4.5.2.54-cp37-cp37m-manylinux2014_aarch64.whl", hash = "sha256:b724a96eeb88842bd2371b1ffe2da73b6295063ba5c029aa34139d25b8315a3f"},
    {file = "opencv_python-4.5.2.54-cp37-cp37m-manylinux2014_x86_64.whl", hash = "sha256:4b8814d3f0cf01e8b8624125f7dcfb095893abcc04083cb4968fa1629bc81161"},
    {file = "opencv_python-4.5.2.54-cp37-cp37m-win32.whl", hash = "sha256:d9004e2cc90bb2862cdc1d062fac5163d3def55b200081d4520d3e90b4c7197b"},
    {file = "opencv_python-4.5.2.54-cp37-cp37m-win_amd64.whl", hash = "sha256:2436b71346d1eed423577fac8cd3aa9c0832ea97452444dc7f856b2f09600dba"},
    {file = "opencv_python-4.5.2.54-cp38-cp38-macosx_10_15_x86_64.whl", hash = "sha256:0118a086fad8d77acdf46ac68df49d4167fbb85420f8bcf2615d7b74fc03aae0"},
    {file = "opencv_python-4.5.2.54-cp38-cp38-manylinux2014_aarch64.whl", hash = "sha256:b3bef3f2a2ab3c201784d12ec6b5c9e61c920c15b6854d8d2f62fd019e3df846"},
    {file = "opencv_python-4.5.2.54-cp38-cp38-manylinux2014_x86_64.whl", hash = "sha256:6e2070e35f2aaca3d1259093c786d4e373004b36d89a94e81943247c6ed3d4e1"},
    {file = "opencv_python-4.5.2.54-cp38-cp38-win32.whl", hash = "sha256:f12f39c1e5001e1c00df5873e3eee6f0232b7723a60b7ef438b1e23f1341df0e"},
    {file = "opencv_python-4.5.2.54-cp38-cp38-win_amd64.whl", hash = "sha256:10325c3fd571e33a11eb5f0e5d265d73baef22dbb34c977f28df7e22de47b0bc"},
    {file = "opencv_python-4.5.2.54-cp39-cp39-macosx_10_15_x86_64.whl", hash = "sha256:050227e5728ea8316ec114aca8f43d56253cbb1c50983e3b136a988254a83118"},
    {file = "opencv_python-4.5.2.54-cp39-cp39-manylinux2014_aarch64.whl", hash = "sha256:c446555cbbc4f5e809f9c15ac1b6200024032d9859f5ac5a2ca7669d09e4c91c"},
    {file = "opencv_python-4.5.2.54-cp39-cp39-manylinux2014_x86_64.whl", hash = "sha256:8cf81f53ac5ad900ca443a8252c4e0bc1256f1c2cb2d8459df2ba1ac014dfa36"},
    {file = "opencv_python-4.5.2.54-cp39-cp39-win32.whl", hash = "sha256:a8020cc6145c6934192189058743a55189750df6dff894396edb8b35a380cc48"},
    {file = "opencv_python-4.5.2.54-cp39-cp39-win_amd64.whl", hash = "sha256:0a3aef70b7c53bbd22ade86a4318b8a2ad98d3c3ed3d0c315f18bf1a2d868709"},
]
pillow = [
    {file = "Pillow-8.3.0-cp36-cp36m-macosx_10_10_x86_64.whl", hash = "sha256:333313bcc53a8a7359e98d5458dfe37bfa301da2fd0e0dc41f585ae0cede9181"},
    {file = "Pillow-8.3.0-cp36-cp36m-manylinux_2_17_aarch64.manylinux2014_aarch64.whl", hash = "sha256:bccd0d604d814e9494f3bf3f077a23835580ed1743c5175581882e7dd1f178c3"},
    {file = "Pillow-8.3.0-cp36-cp36m-manylinux_2_5_i686.manylinux1_i686.whl", hash = "sha256:a7beda44f177ee602aa27e0a297da1657d9572679522c8fb8b336b734653516e"},
    {file = "Pillow-8.3.0-cp36-cp36m-manylinux_2_5_x86_64.manylinux1_x86_64.whl", hash = "sha256:94db5ea640330de0945b41dc77fb4847b4ab6e87149126c71b36b112e8400898"},
    {file = "Pillow-8.3.0-cp36-cp36m-win32.whl", hash = "sha256:856fcbc3201a6cabf0478daa0c0a1a8a175af7e5173e2084ddb91cc707a09dd1"},
    {file = "Pillow-8.3.0-cp36-cp36m-win_amd64.whl", hash = "sha256:34ce3d993cb4ca840b1e31165b38cb19c64f64f822a8bc5565bde084baff3bdb"},
    {file = "Pillow-8.3.0-cp37-cp37m-macosx_10_10_x86_64.whl", hash = "sha256:778a819c2d194e08d39d67ddb15ef0d32eba17bf7d0c2773e97bd221b2613a3e"},
    {file = "Pillow-8.3.0-cp37-cp37m-manylinux_2_17_aarch64.manylinux2014_aarch64.whl", hash = "sha256:b42ea77f4e7374a67e1f27aaa9c62627dff681f67890e5b8f0c1e21b1500d9d2"},
    {file = "Pillow-8.3.0-cp37-cp37m-manylinux_2_5_i686.manylinux1_i686.whl", hash = "sha256:53f6e4b73b3899015ac4aa95d99da0f48ea18a6d7c8db672e8bead3fb9570ef5"},
    {file = "Pillow-8.3.0-cp37-cp37m-manylinux_2_5_x86_64.manylinux1_x86_64.whl", hash = "sha256:fb91deb5121b6dde88599bcb3db3fdad9cf33ff3d4ccc5329ee1fe9655a2f7ff"},
    {file = "Pillow-8.3.0-cp37-cp37m-win32.whl", hash = "sha256:8f65d2a98f198e904dbe89ecb10862d5f0511367d823689039e17c4d011de11e"},
    {file = "Pillow-8.3.0-cp37-cp37m-win_amd64.whl", hash = "sha256:25f6564df21d15bcac142b4ed92b6c02e53557539f535f31c1f3bcc985484753"},
    {file = "Pillow-8.3.0-cp38-cp38-macosx_10_10_x86_64.whl", hash = "sha256:c2d78c8230bda5fc9f6b1d457c7f8f3432f4fe85bed86f80ba3ed73d59775a88"},
    {file = "Pillow-8.3.0-cp38-cp38-macosx_11_0_arm64.whl", hash = "sha256:950e873ceefbd283cbe7bc5b648b832d1dcf89eeded6726ebec42bc7d67966c0"},
    {file = "Pillow-8.3.0-cp38-cp38-manylinux_2_17_aarch64.manylinux2014_aarch64.whl", hash = "sha256:1037288a22cc8ec9d2918a24ded733a1cc4342fd7f21d15d37e6bbe5fb4a7306"},
    {file = "Pillow-8.3.0-cp38-cp38-manylinux_2_5_i686.manylinux1_i686.whl", hash = "sha256:063d17a02a0170c2f880fbd373b2738b089c6adcbd1f7418667bc9e97524c11b"},
    {file = "Pillow-8.3.0-cp38-cp38-manylinux_2_5_x86_64.manylinux1_x86_64.whl", hash = "sha256:561339ed7c324bbcb29b5e4f4705c97df950785394b3ac181f5bf6a08088a672"},
    {file = "Pillow-8.3.0-cp38-cp38-win32.whl", hash = "sha256:331f8321418682386e4f0d0e6369f732053f95abddd2af4e1b1ef74a9537ef37"},
    {file = "Pillow-8.3.0-cp38-cp38-win_amd64.whl", hash = "sha256:eccaefbd646022b5313ca4b0c5f1ae6e0d3a52ef66de64970ecf3f9b2a1be751"},
    {file = "Pillow-8.3.0-cp39-cp39-macosx_10_10_x86_64.whl", hash = "sha256:6f7517a220aca8b822e25b08b0df9546701a606a328da5bc057e5f32a3f9b07c"},
    {file = "Pillow-8.3.0-cp39-cp39-macosx_11_0_arm64.whl", hash = "sha256:cc8e926d6ffa65d0dddb871b7afe117f17bc045951e66afde60eb0eba923db9e"},
    {file = "Pillow-8.3.0-cp39-cp39-manylinux_2_17_aarch64.manylinux2014_aarch64.whl", hash = "sha256:519b3b24dedc81876d893475bade1b92c4ce7c24b9b82224f0bd8daae682e039"},
    {file = "Pillow-8.3.0-cp39-cp39-manylinux_2_5_i686.manylinux1_i686.whl", hash = "sha256:72858a27dd7bd1c40f91c4f85db3b9f121c8412fd66573121febb00d074d0530"},
    {file = "Pillow-8.3.0-cp39-cp39-manylinux_2_5_x86_64.manylinux1_x86_64.whl", hash = "sha256:3251557c53c1ed0c345559afc02d2b0a0aa5788042e161366ed90b27bc322d3d"},
    {file = "Pillow-8.3.0-cp39-cp39-win32.whl", hash = "sha256:ce90aad0a3dc0f13a9ff0ab1f43bcbea436089b83c3fadbe37c6f1733b938bf1"},
    {file = "Pillow-8.3.0-cp39-cp39-win_amd64.whl", hash = "sha256:490c9236ef4762733b6c2e1f1fcb37793cb9c57d860aa84d6994c990461882e5"},
    {file = "Pillow-8.3.0-pp36-pypy36_pp73-macosx_10_10_x86_64.whl", hash = "sha256:aef0838f28328523e9e5f2c1852dd96fb85768deb0eb8f908c54dad0f44d2f6f"},
    {file = "Pillow-8.3.0-pp36-pypy36_pp73-manylinux_2_12_i686.manylinux2010_i686.whl", hash = "sha256:713b762892efa8cd5d8dac24d16ac2d2dbf981963ed1b3297e79755f03f8cbb8"},
    {file = "Pillow-8.3.0-pp36-pypy36_pp73-manylinux_2_12_x86_64.manylinux2010_x86_64.whl", hash = "sha256:cec702974f162026bf8de47f6f4b7ce9584a63c50002b38f195ee797165fea77"},
    {file = "Pillow-8.3.0-pp37-pypy37_pp73-macosx_10_10_x86_64.whl", hash = "sha256:d9ef8119ce44f90d2f8ac7c58f7da480ada5151f217dc8da03681b73fc91dec3"},
    {file = "Pillow-8.3.0-pp37-pypy37_pp73-manylinux_2_12_i686.manylinux2010_i686.whl", hash = "sha256:fc25d59ecf23ea19571065306806a29c43c67f830f0e8a121303916ba257f484"},
    {file = "Pillow-8.3.0-pp37-pypy37_pp73-manylinux_2_12_x86_64.manylinux2010_x86_64.whl", hash = "sha256:28f184c0a65be098af412f78b0b6f3bbafd1614e1dc896e810d8357342a794b7"},
    {file = "Pillow-8.3.0-pp37-pypy37_pp73-win_amd64.whl", hash = "sha256:c3529fb98a40f89269175442c5ff4ef81d22e91b2bdcbd33833a350709b5130c"},
    {file = "Pillow-8.3.0.tar.gz", hash = "sha256:803606e206f3e366eea46b1e7ab4dac74cfac770d04de9c35319814e11e47c46"},
]
protobuf = [
    {file = "protobuf-3.17.3-cp27-cp27m-macosx_10_9_x86_64.whl", hash = "sha256:ab6bb0e270c6c58e7ff4345b3a803cc59dbee19ddf77a4719c5b635f1d547aa8"},
    {file = "protobuf-3.17.3-cp27-cp27mu-manylinux_2_5_x86_64.manylinux1_x86_64.whl", hash = "sha256:13ee7be3c2d9a5d2b42a1030976f760f28755fcf5863c55b1460fd205e6cd637"},
    {file = "protobuf-3.17.3-cp35-cp35m-macosx_10_9_intel.whl", hash = "sha256:1556a1049ccec58c7855a78d27e5c6e70e95103b32de9142bae0576e9200a1b0"},
    {file = "protobuf-3.17.3-cp35-cp35m-manylinux_2_5_x86_64.manylinux1_x86_64.whl", hash = "sha256:f0e59430ee953184a703a324b8ec52f571c6c4259d496a19d1cabcdc19dabc62"},
    {file = "protobuf-3.17.3-cp35-cp35m-win32.whl", hash = "sha256:a981222367fb4210a10a929ad5983ae93bd5a050a0824fc35d6371c07b78caf6"},
    {file = "protobuf-3.17.3-cp35-cp35m-win_amd64.whl", hash = "sha256:6d847c59963c03fd7a0cd7c488cadfa10cda4fff34d8bc8cba92935a91b7a037"},
    {file = "protobuf-3.17.3-cp36-cp36m-macosx_10_9_x86_64.whl", hash = "sha256:145ce0af55c4259ca74993ddab3479c78af064002ec8227beb3d944405123c71"},
    {file = "protobuf-3.17.3-cp36-cp36m-manylinux_2_5_x86_64.manylinux1_x86_64.whl", hash = "sha256:6ce4d8bf0321e7b2d4395e253f8002a1a5ffbcfd7bcc0a6ba46712c07d47d0b4"},
    {file = "protobuf-3.17.3-cp36-cp36m-win32.whl", hash = "sha256:7a4c97961e9e5b03a56f9a6c82742ed55375c4a25f2692b625d4087d02ed31b9"},
    {file = "protobuf-3.17.3-cp36-cp36m-win_amd64.whl", hash = "sha256:a22b3a0dbac6544dacbafd4c5f6a29e389a50e3b193e2c70dae6bbf7930f651d"},
    {file = "protobuf-3.17.3-cp37-cp37m-macosx_10_9_x86_64.whl", hash = "sha256:ffea251f5cd3c0b9b43c7a7a912777e0bc86263436a87c2555242a348817221b"},
    {file = "protobuf-3.17.3-cp37-cp37m-manylinux2014_aarch64.whl", hash = "sha256:9b7a5c1022e0fa0dbde7fd03682d07d14624ad870ae52054849d8960f04bc764"},
    {file = "protobuf-3.17.3-cp37-cp37m-manylinux_2_5_x86_64.manylinux1_x86_64.whl", hash = "sha256:8727ee027157516e2c311f218ebf2260a18088ffb2d29473e82add217d196b1c"},
    {file = "protobuf-3.17.3-cp37-cp37m-win32.whl", hash = "sha256:14c1c9377a7ffbeaccd4722ab0aa900091f52b516ad89c4b0c3bb0a4af903ba5"},
    {file = "protobuf-3.17.3-cp37-cp37m-win_amd64.whl", hash = "sha256:c56c050a947186ba51de4f94ab441d7f04fcd44c56df6e922369cc2e1a92d683"},
    {file = "protobuf-3.17.3-cp38-cp38-macosx_10_9_x86_64.whl", hash = "sha256:2ae692bb6d1992afb6b74348e7bb648a75bb0d3565a3f5eea5bec8f62bd06d87"},
    {file = "protobuf-3.17.3-cp38-cp38-manylinux2014_aarch64.whl", hash = "sha256:99938f2a2d7ca6563c0ade0c5ca8982264c484fdecf418bd68e880a7ab5730b1"},
    {file = "protobuf-3.17.3-cp38-cp38-manylinux_2_5_x86_64.manylinux1_x86_64.whl", hash = "sha256:6902a1e4b7a319ec611a7345ff81b6b004b36b0d2196ce7a748b3493da3d226d"},
    {file = "protobuf-3.17.3-cp39-cp39-macosx_10_9_x86_64.whl", hash = "sha256:4ffbd23640bb7403574f7aff8368e2aeb2ec9a5c6306580be48ac59a6bac8bde"},
    {file = "protobuf-3.17.3-cp39-cp39-manylinux2014_aarch64.whl", hash = "sha256:26010f693b675ff5a1d0e1bdb17689b8b716a18709113288fead438703d45539"},
    {file = "protobuf-3.17.3-cp39-cp39-manylinux_2_5_x86_64.manylinux1_x86_64.whl", hash = "sha256:e76d9686e088fece2450dbc7ee905f9be904e427341d289acbe9ad00b78ebd47"},
    {file = "protobuf-3.17.3-py2.py3-none-any.whl", hash = "sha256:2bfb815216a9cd9faec52b16fd2bfa68437a44b67c56bee59bc3926522ecb04e"},
    {file = "protobuf-3.17.3.tar.gz", hash = "sha256:72804ea5eaa9c22a090d2803813e280fb273b62d5ae497aaf3553d141c4fdd7b"},
]
scikit-learn = [
    {file = "scikit-learn-0.24.2.tar.gz", hash = "sha256:d14701a12417930392cd3898e9646cf5670c190b933625ebe7511b1f7d7b8736"},
    {file = "scikit_learn-0.24.2-cp36-cp36m-macosx_10_13_x86_64.whl", hash = "sha256:d5bf9c863ba4717b3917b5227463ee06860fc43931dc9026747de416c0a10fee"},
    {file = "scikit_learn-0.24.2-cp36-cp36m-manylinux1_i686.whl", hash = "sha256:5beaeb091071625e83f5905192d8aecde65ba2f26f8b6719845bbf586f7a04a1"},
    {file = "scikit_learn-0.24.2-cp36-cp36m-manylinux1_x86_64.whl", hash = "sha256:06ffdcaaf81e2a3b1b50c3ac6842cfb13df2d8b737d61f64643ed61da7389cde"},
    {file = "scikit_learn-0.24.2-cp36-cp36m-manylinux2010_i686.whl", hash = "sha256:fec42690a2eb646b384eafb021c425fab48991587edb412d4db77acc358b27ce"},
    {file = "scikit_learn-0.24.2-cp36-cp36m-manylinux2010_x86_64.whl", hash = "sha256:5ff3e4e4cf7592d36541edec434e09fb8ab9ba6b47608c4ffe30c9038d301897"},
    {file = "scikit_learn-0.24.2-cp36-cp36m-manylinux2014_aarch64.whl", hash = "sha256:3cbd734e1aefc7c5080e6b6973fe062f97c26a1cdf1a991037ca196ce1c8f427"},
    {file = "scikit_learn-0.24.2-cp36-cp36m-win32.whl", hash = "sha256:f74429a07fedb36a03c159332b914e6de757176064f9fed94b5f79ebac07d913"},
    {file = "scikit_learn-0.24.2-cp36-cp36m-win_amd64.whl", hash = "sha256:dd968a174aa82f3341a615a033fa6a8169e9320cbb46130686562db132d7f1f0"},
    {file = "scikit_learn-0.24.2-cp37-cp37m-macosx_10_13_x86_64.whl", hash = "sha256:49ec0b1361da328da9bb7f1a162836028e72556356adeb53342f8fae6b450d47"},
    {file = "scikit_learn-0.24.2-cp37-cp37m-manylinux1_i686.whl", hash = "sha256:f18c3ed484eeeaa43a0d45dc2efb4d00fc6542ccdcfa2c45d7b635096a2ae534"},
    {file = "scikit_learn-0.24.2-cp37-cp37m-manylinux1_x86_64.whl", hash = "sha256:cdf24c1b9bbeb4936456b42ac5bd32c60bb194a344951acb6bfb0cddee5439a4"},
    {file = "scikit_learn-0.24.2-cp37-cp37m-manylinux2010_i686.whl", hash = "sha256:d177fe1ff47cc235942d628d41ee5b1c6930d8f009f1a451c39b5411e8d0d4cf"},
    {file = "scikit_learn-0.24.2-cp37-cp37m-manylinux2010_x86_64.whl", hash = "sha256:f3ec00f023d84526381ad0c0f2cff982852d035c921bbf8ceb994f4886c00c64"},
    {file = "scikit_learn-0.24.2-cp37-cp37m-manylinux2014_aarch64.whl", hash = "sha256:ae19ac105cf7ce8c205a46166992fdec88081d6e783ab6e38ecfbe45729f3c39"},
    {file = "scikit_learn-0.24.2-cp37-cp37m-win32.whl", hash = "sha256:f0ed4483c258fb23150e31b91ea7d25ff8495dba108aea0b0d4206a777705350"},
    {file = "scikit_learn-0.24.2-cp37-cp37m-win_amd64.whl", hash = "sha256:39b7e3b71bcb1fe46397185d6c1a5db1c441e71c23c91a31e7ad8cc3f7305f9a"},
    {file = "scikit_learn-0.24.2-cp38-cp38-macosx_10_13_x86_64.whl", hash = "sha256:90a297330f608adeb4d2e9786c6fda395d3150739deb3d42a86d9a4c2d15bc1d"},
    {file = "scikit_learn-0.24.2-cp38-cp38-manylinux1_i686.whl", hash = "sha256:f1d2108e770907540b5248977e4cff9ffaf0f73d0d13445ee938df06ca7579c6"},
    {file = "scikit_learn-0.24.2-cp38-cp38-manylinux1_x86_64.whl", hash = "sha256:1eec963fe9ffc827442c2e9333227c4d49749a44e592f305398c1db5c1563393"},
    {file = "scikit_learn-0.24.2-cp38-cp38-manylinux2010_i686.whl", hash = "sha256:2db429090b98045d71218a9ba913cc9b3fe78e0ba0b6b647d8748bc6d5a44080"},
    {file = "scikit_learn-0.24.2-cp38-cp38-manylinux2010_x86_64.whl", hash = "sha256:62214d2954377fcf3f31ec867dd4e436df80121e7a32947a0b3244f58f45e455"},
    {file = "scikit_learn-0.24.2-cp38-cp38-manylinux2014_aarch64.whl", hash = "sha256:8fac72b9688176922f9f54fda1ba5f7ffd28cbeb9aad282760186e8ceba9139a"},
    {file = "scikit_learn-0.24.2-cp38-cp38-win32.whl", hash = "sha256:ae426e3a52842c6b6d77d00f906b6031c8c2cfdfabd6af7511bb4bc9a68d720e"},
    {file = "scikit_learn-0.24.2-cp38-cp38-win_amd64.whl", hash = "sha256:038f4e9d6ef10e1f3fe82addc3a14735c299866eb10f2c77c090410904828312"},
    {file = "scikit_learn-0.24.2-cp39-cp39-macosx_10_13_x86_64.whl", hash = "sha256:48f273836e19901ba2beecd919f7b352f09310ce67c762f6e53bc6b81cacf1f0"},
    {file = "scikit_learn-0.24.2-cp39-cp39-manylinux1_i686.whl", hash = "sha256:a2a47449093dcf70babc930beba2ca0423cb7df2fa5fd76be5260703d67fa574"},
    {file = "scikit_learn-0.24.2-cp39-cp39-manylinux1_x86_64.whl", hash = "sha256:0e71ce9c7cbc20f6f8b860107ce15114da26e8675238b4b82b7e7cd37ca0c087"},
    {file = "scikit_learn-0.24.2-cp39-cp39-manylinux2010_i686.whl", hash = "sha256:2754c85b2287333f9719db7f23fb7e357f436deed512db3417a02bf6f2830aa5"},
    {file = "scikit_learn-0.24.2-cp39-cp39-manylinux2010_x86_64.whl", hash = "sha256:7be1b88c23cfac46e06404582215a917017cd2edaa2e4d40abe6aaff5458f24b"},
    {file = "scikit_learn-0.24.2-cp39-cp39-manylinux2014_aarch64.whl", hash = "sha256:4e6198675a6f9d333774671bd536668680eea78e2e81c0b19e57224f58d17f37"},
    {file = "scikit_learn-0.24.2-cp39-cp39-win32.whl", hash = "sha256:cbdb0b3db99dd1d5f69d31b4234367d55475add31df4d84a3bd690ef017b55e2"},
    {file = "scikit_learn-0.24.2-cp39-cp39-win_amd64.whl", hash = "sha256:40556bea1ef26ef54bc678d00cf138a63069144a0b5f3a436eecd8f3468b903e"},
]
scipy = [
    {file = "scipy-1.2.1-cp27-cp27m-macosx_10_6_intel.macosx_10_9_intel.macosx_10_9_x86_64.macosx_10_10_intel.macosx_10_10_x86_64.whl", hash = "sha256:f06819b028b8ef9010281e74c59cb35483933583043091ed6b261bb1540f11cc"},
    {file = "scipy-1.2.1-cp27-cp27m-manylinux1_i686.whl", hash = "sha256:70e37cec0ac0fe95c85b74ca4e0620169590fd5d3f44765f3c3a532cedb0e5fd"},
    {file = "scipy-1.2.1-cp27-cp27m-manylinux1_x86_64.whl", hash = "sha256:9726791484f08e394af0b59eb80489ad94d0a53bbb58ab1837dcad4d58489863"},
    {file = "scipy-1.2.1-cp27-cp27m-win32.whl", hash = "sha256:790cbd3c8d09f3a6d9c47c4558841e25bac34eb7a0864a9def8f26be0b8706af"},
    {file = "scipy-1.2.1-cp27-cp27m-win_amd64.whl", hash = "sha256:014cb900c003b5ac81a53f2403294e8ecf37aedc315b59a6b9370dce0aa7627a"},
    {file = "scipy-1.2.1-cp27-cp27mu-manylinux1_i686.whl", hash = "sha256:78e12972e144da47326958ac40c2bd1c1cca908edc8b01c26a36f9ffd3dce466"},
    {file = "scipy-1.2.1-cp27-cp27mu-manylinux1_x86_64.whl", hash = "sha256:f15f2d60a11c306de7700ee9f65df7e9e463848dbea9c8051e293b704038da60"},
    {file = "scipy-1.2.1-cp34-cp34m-macosx_10_6_intel.macosx_10_9_intel.macosx_10_9_x86_64.macosx_10_10_intel.macosx_10_10_x86_64.whl", hash = "sha256:e2cfcbab37c082a5087aba5ff00209999053260441caadd4f0e8f4c2d6b72088"},
    {file = "scipy-1.2.1-cp34-cp34m-manylinux1_i686.whl", hash = "sha256:b86ae13c597fca087cb8c193870507c8916cefb21e52e1897da320b5a35075e5"},
    {file = "scipy-1.2.1-cp34-cp34m-manylinux1_x86_64.whl", hash = "sha256:865afedf35aaef6df6344bee0de391ee5e99d6e802950a237f9fb9b13e441f91"},
    {file = "scipy-1.2.1-cp34-cp34m-win32.whl", hash = "sha256:e742f1f5dcaf222e8471c37ee3d1fd561568a16bb52e031c25674ff1cf9702d5"},
    {file = "scipy-1.2.1-cp34-cp34m-win_amd64.whl", hash = "sha256:f6b88c8d302c3dac8dff7766955e38d670c82e0d79edfc7eae47d6bb2c186594"},
    {file = "scipy-1.2.1-cp35-cp35m-macosx_10_6_intel.macosx_10_9_intel.macosx_10_9_x86_64.macosx_10_10_intel.macosx_10_10_x86_64.whl", hash = "sha256:7274735fb6fb5d67d3789ddec2cd53ed6362539b41aa6cc0d33a06c003aaa390"},
    {file = "scipy-1.2.1-cp35-cp35m-manylinux1_i686.whl", hash = "sha256:963815c226b29b0176d5e3d37fc9de46e2778ce4636a5a7af11a48122ef2577c"},
    {file = "scipy-1.2.1-cp35-cp35m-manylinux1_x86_64.whl", hash = "sha256:281a34da34a5e0de42d26aed692ab710141cad9d5d218b20643a9cb538ace976"},
    {file = "scipy-1.2.1-cp35-cp35m-win32.whl", hash = "sha256:5a10661accd36b6e2e8855addcf3d675d6222006a15795420a39c040362def66"},
    {file = "scipy-1.2.1-cp35-cp35m-win_amd64.whl", hash = "sha256:def0e5d681dd3eb562b059d355ae8bebe27f5cc455ab7c2b6655586b63d3a8ea"},
    {file = "scipy-1.2.1-cp36-cp36m-macosx_10_6_intel.macosx_10_9_intel.macosx_10_9_x86_64.macosx_10_10_intel.macosx_10_10_x86_64.whl", hash = "sha256:79792c8fe8e9d06ebc50fe23266522c8c89f20aa94ac8e80472917ecdce1e5ba"},
    {file = "scipy-1.2.1-cp36-cp36m-manylinux1_i686.whl", hash = "sha256:6dcc43a88e25b815c2dea1c6fac7339779fc988f5df8396e1de01610604a7c38"},
    {file = "scipy-1.2.1-cp36-cp36m-manylinux1_x86_64.whl", hash = "sha256:f31338ee269d201abe76083a990905473987371ff6f3fdb76a3f9073a361cf37"},
    {file = "scipy-1.2.1-cp36-cp36m-win32.whl", hash = "sha256:9de84a71bb7979aa8c089c4fb0ea0e2ed3917df3fb2a287a41aaea54bbad7f5d"},
    {file = "scipy-1.2.1-cp36-cp36m-win_amd64.whl", hash = "sha256:b2c324ddc5d6dbd3f13680ad16a29425841876a84a1de23a984236d1afff4fa6"},
    {file = "scipy-1.2.1-cp37-cp37m-macosx_10_6_intel.macosx_10_9_intel.macosx_10_9_x86_64.macosx_10_10_intel.macosx_10_10_x86_64.whl", hash = "sha256:588f9cc4bfab04c45fbd19c1354b5ade377a8124d6151d511c83730a9b6b2338"},
    {file = "scipy-1.2.1-cp37-cp37m-manylinux1_i686.whl", hash = "sha256:628f60be272512ca1123524969649a8cb5ae8b31cca349f7c6f8903daf9034d7"},
    {file = "scipy-1.2.1-cp37-cp37m-manylinux1_x86_64.whl", hash = "sha256:870fd401ec7b64a895cff8e206ee16569158db00254b2f7157b4c9a5db72c722"},
    {file = "scipy-1.2.1-cp37-cp37m-win32.whl", hash = "sha256:d78702af4102a3a4e23bb7372cec283e78f32f5573d92091aa6aaba870370fe1"},
    {file = "scipy-1.2.1-cp37-cp37m-win_amd64.whl", hash = "sha256:ba0488d4dbba2af5bf9596b849873102d612e49a118c512d9d302ceafa36e01a"},
    {file = "scipy-1.2.1.tar.gz", hash = "sha256:e085d1babcb419bbe58e2e805ac61924dac4ca45a07c9fa081144739e500aa3c"},
]
six = [
    {file = "six-1.16.0-py2.py3-none-any.whl", hash = "sha256:8abb2f1d86890a2dfb989f9a77cfcfd3e47c2a354b01111771326f8aa26e0254"},
    {file = "six-1.16.0.tar.gz", hash = "sha256:1e61c37477a1626458e36f7b1d82aa5c9b094fa4802892072e49de9c60c4c926"},
]
sklearn = [
    {file = "sklearn-0.0.tar.gz", hash = "sha256:e23001573aa194b834122d2b9562459bf5ae494a2d59ca6b8aa22c85a44c0e31"},
]
tensorboard = [
    {file = "tensorboard-1.7.0-py2-none-any.whl", hash = "sha256:f3a873d87eb1558836e2a4f0cda3003e93824345ab3f22aba4770ac1b79f8ded"},
    {file = "tensorboard-1.7.0-py3-none-any.whl", hash = "sha256:4c4793f904d2e8f5b83fc05ae3330e48c8305f08a3250019a6f44e37681644a9"},
]
tensorflow = [
    {file = "tensorflow-1.7.0-cp27-cp27m-macosx_10_11_x86_64.whl", hash = "sha256:423cd937ed818adddce48a943dea8cd3dba5f645337514046e2f0574626c1960"},
    {file = "tensorflow-1.7.0-cp27-cp27mu-manylinux1_x86_64.whl", hash = "sha256:6d76df83545b846f74e0d661c15261872a3cf1e0a4a8dfd02bce7b0bd06d2076"},
    {file = "tensorflow-1.7.0-cp33-cp33m-macosx_10_11_x86_64.whl", hash = "sha256:e4493e05dcc70ac519883129ef4541688f534efce61b04d2dbe0b0224935bf5c"},
    {file = "tensorflow-1.7.0-cp33-cp33m-manylinux1_x86_64.whl", hash = "sha256:fe1b62935be1ef583601fc69878329e1bc735db2f159e03a622c98d7504e19ad"},
    {file = "tensorflow-1.7.0-cp34-cp34m-macosx_10_11_x86_64.whl", hash = "sha256:3d21532940f35e1a125fb58b3572892ab7e8fe26080b53ffd6edd4b89bc24e4b"},
    {file = "tensorflow-1.7.0-cp34-cp34m-manylinux1_x86_64.whl", hash = "sha256:c3282ee56d0a43bf319171ca3c8933d480fe848e84ec82f189c002a3090a732b"},
    {file = "tensorflow-1.7.0-cp35-cp35m-macosx_10_11_x86_64.whl", hash = "sha256:7e3901113001b5e95862db52f5c30dd31fa420f68981008bc57f5c8c327145f9"},
    {file = "tensorflow-1.7.0-cp35-cp35m-manylinux1_x86_64.whl", hash = "sha256:69e32726b30e7e0d3b90ce8f61a9e970fce327c93bffbc8f381657a3b25d787f"},
    {file = "tensorflow-1.7.0-cp35-cp35m-win_amd64.whl", hash = "sha256:3d94790438edd2d54d07eec1104a1bc1b3917163f39dd3933e9ccd89742c6554"},
    {file = "tensorflow-1.7.0-cp36-cp36m-macosx_10_11_x86_64.whl", hash = "sha256:ee3bb377bc8ba40cb32852193f030b6e24e318d3f85b8d35c67957c1bd39fa1c"},
    {file = "tensorflow-1.7.0-cp36-cp36m-manylinux1_x86_64.whl", hash = "sha256:999dfb596b12f87717111eb1218fbe072d37bc8bb3fd05c4a1a2646a3f5e7aeb"},
    {file = "tensorflow-1.7.0-cp36-cp36m-win_amd64.whl", hash = "sha256:a2b6e2da86805ec0552732ab043b18d5c2c2c9c09050d25dee38edb08403bbca"},
]
termcolor = [
    {file = "termcolor-1.1.0.tar.gz", hash = "sha256:1d6d69ce66211143803fbc56652b41d73b4a400a2891d7bf7a1cdf4c02de613b"},
]
threadpoolctl = [
    {file = "threadpoolctl-2.1.0-py3-none-any.whl", hash = "sha256:38b74ca20ff3bb42caca8b00055111d74159ee95c4370882bbff2b93d24da725"},
    {file = "threadpoolctl-2.1.0.tar.gz", hash = "sha256:ddc57c96a38beb63db45d6c159b5ab07b6bced12c45a1f07b2b92f272aebfa6b"},
]
typing-extensions = [
    {file = "typing_extensions-3.10.0.0-py2-none-any.whl", hash = "sha256:0ac0f89795dd19de6b97debb0c6af1c70987fd80a2d62d1958f7e56fcc31b497"},
    {file = "typing_extensions-3.10.0.0-py3-none-any.whl", hash = "sha256:779383f6086d90c99ae41cf0ff39aac8a7937a9283ce0a414e5dd782f4c94a84"},
    {file = "typing_extensions-3.10.0.0.tar.gz", hash = "sha256:50b6f157849174217d0656f99dc82fe932884fb250826c18350e159ec6cdf342"},
]
werkzeug = [
    {file = "Werkzeug-2.0.1-py3-none-any.whl", hash = "sha256:6c1ec500dcdba0baa27600f6a22f6333d8b662d22027ff9f6202e3367413caa8"},
    {file = "Werkzeug-2.0.1.tar.gz", hash = "sha256:1de1db30d010ff1af14a009224ec49ab2329ad2cde454c8a708130642d579c42"},
]
zipp = [
    {file = "zipp-3.5.0-py3-none-any.whl", hash = "sha256:957cfda87797e389580cb8b9e3870841ca991e2125350677b2ca83a0e99390a3"},
    {file = "zipp-3.5.0.tar.gz", hash = "sha256:f5812b1e007e48cff63449a5e9f4e7ebea716b4111f9c4f9a645f91d579bf0c4"},
]
